// !$*UTF8*$!
{
	archiveVersion = 1;
	classes = {
	};
	objectVersion = 46;
	objects = {

/* Begin PBXAggregateTarget section */
		DEA194A6192753E30096AC9E /* Fint */ = {
			isa = PBXAggregateTarget;
			buildConfigurationList = DEA194A7192753E30096AC9E /* Build configuration list for PBXAggregateTarget "Fint" */;
			buildPhases = (
				DEA194AA192753EA0096AC9E /* ShellScript */,
			);
			dependencies = (
			);
			name = Fint;
			productName = Fint;
		};
/* End PBXAggregateTarget section */

/* Begin PBXBuildFile section */
		DEA194781927472C0096AC9E /* Foundation.framework in Frameworks */ = {isa = PBXBuildFile; fileRef = DEA194771927472C0096AC9E /* Foundation.framework */; };
		DEA1947A1927472C0096AC9E /* CoreGraphics.framework in Frameworks */ = {isa = PBXBuildFile; fileRef = DEA194791927472C0096AC9E /* CoreGraphics.framework */; };
		DEA1947C1927472C0096AC9E /* UIKit.framework in Frameworks */ = {isa = PBXBuildFile; fileRef = DEA1947B1927472C0096AC9E /* UIKit.framework */; };
		DEA194821927472C0096AC9E /* InfoPlist.strings in Resources */ = {isa = PBXBuildFile; fileRef = DEA194801927472C0096AC9E /* InfoPlist.strings */; };
		DEA194841927472C0096AC9E /* main.m in Sources */ = {isa = PBXBuildFile; fileRef = DEA194831927472C0096AC9E /* main.m */; };
		DEA194881927472C0096AC9E /* FEAppDelegate.m in Sources */ = {isa = PBXBuildFile; fileRef = DEA194871927472C0096AC9E /* FEAppDelegate.m */; };
		DEA1948A1927472C0096AC9E /* Images.xcassets in Resources */ = {isa = PBXBuildFile; fileRef = DEA194891927472C0096AC9E /* Images.xcassets */; };
		DEA194911927472C0096AC9E /* XCTest.framework in Frameworks */ = {isa = PBXBuildFile; fileRef = DEA194901927472C0096AC9E /* XCTest.framework */; };
		DEA194921927472C0096AC9E /* Foundation.framework in Frameworks */ = {isa = PBXBuildFile; fileRef = DEA194771927472C0096AC9E /* Foundation.framework */; };
		DEA194931927472C0096AC9E /* UIKit.framework in Frameworks */ = {isa = PBXBuildFile; fileRef = DEA1947B1927472C0096AC9E /* UIKit.framework */; };
		DEA1949B1927472C0096AC9E /* InfoPlist.strings in Resources */ = {isa = PBXBuildFile; fileRef = DEA194991927472C0096AC9E /* InfoPlist.strings */; };
		DEA1949D1927472C0096AC9E /* FintExampleTests.m in Sources */ = {isa = PBXBuildFile; fileRef = DEA1949C1927472C0096AC9E /* FintExampleTests.m */; };
/* End PBXBuildFile section */

/* Begin PBXContainerItemProxy section */
		DEA194941927472C0096AC9E /* PBXContainerItemProxy */ = {
			isa = PBXContainerItemProxy;
			containerPortal = DEA1946C1927472B0096AC9E /* Project object */;
			proxyType = 1;
			remoteGlobalIDString = DEA194731927472B0096AC9E;
			remoteInfo = FintExample;
		};
/* End PBXContainerItemProxy section */

/* Begin PBXFileReference section */
		DEA194741927472B0096AC9E /* FintExample.app */ = {isa = PBXFileReference; explicitFileType = wrapper.application; includeInIndex = 0; path = FintExample.app; sourceTree = BUILT_PRODUCTS_DIR; };
		DEA194771927472C0096AC9E /* Foundation.framework */ = {isa = PBXFileReference; lastKnownFileType = wrapper.framework; name = Foundation.framework; path = System/Library/Frameworks/Foundation.framework; sourceTree = SDKROOT; };
		DEA194791927472C0096AC9E /* CoreGraphics.framework */ = {isa = PBXFileReference; lastKnownFileType = wrapper.framework; name = CoreGraphics.framework; path = System/Library/Frameworks/CoreGraphics.framework; sourceTree = SDKROOT; };
		DEA1947B1927472C0096AC9E /* UIKit.framework */ = {isa = PBXFileReference; lastKnownFileType = wrapper.framework; name = UIKit.framework; path = System/Library/Frameworks/UIKit.framework; sourceTree = SDKROOT; };
		DEA1947F1927472C0096AC9E /* FintExample-Info.plist */ = {isa = PBXFileReference; lastKnownFileType = text.plist.xml; path = "FintExample-Info.plist"; sourceTree = "<group>"; };
		DEA194811927472C0096AC9E /* en */ = {isa = PBXFileReference; lastKnownFileType = text.plist.strings; name = en; path = en.lproj/InfoPlist.strings; sourceTree = "<group>"; };
		DEA194831927472C0096AC9E /* main.m */ = {isa = PBXFileReference; lastKnownFileType = sourcecode.c.objc; path = main.m; sourceTree = "<group>"; };
		DEA194851927472C0096AC9E /* FintExample-Prefix.pch */ = {isa = PBXFileReference; lastKnownFileType = sourcecode.c.h; path = "FintExample-Prefix.pch"; sourceTree = "<group>"; };
		DEA194861927472C0096AC9E /* FEAppDelegate.h */ = {isa = PBXFileReference; lastKnownFileType = sourcecode.c.h; path = FEAppDelegate.h; sourceTree = "<group>"; };
		DEA194871927472C0096AC9E /* FEAppDelegate.m */ = {isa = PBXFileReference; lastKnownFileType = sourcecode.c.objc; path = FEAppDelegate.m; sourceTree = "<group>"; };
		DEA194891927472C0096AC9E /* Images.xcassets */ = {isa = PBXFileReference; lastKnownFileType = folder.assetcatalog; path = Images.xcassets; sourceTree = "<group>"; };
		DEA1948F1927472C0096AC9E /* FintExampleTests.xctest */ = {isa = PBXFileReference; explicitFileType = wrapper.cfbundle; includeInIndex = 0; path = FintExampleTests.xctest; sourceTree = BUILT_PRODUCTS_DIR; };
		DEA194901927472C0096AC9E /* XCTest.framework */ = {isa = PBXFileReference; lastKnownFileType = wrapper.framework; name = XCTest.framework; path = Library/Frameworks/XCTest.framework; sourceTree = DEVELOPER_DIR; };
		DEA194981927472C0096AC9E /* FintExampleTests-Info.plist */ = {isa = PBXFileReference; lastKnownFileType = text.plist.xml; path = "FintExampleTests-Info.plist"; sourceTree = "<group>"; };
		DEA1949A1927472C0096AC9E /* en */ = {isa = PBXFileReference; lastKnownFileType = text.plist.strings; name = en; path = en.lproj/InfoPlist.strings; sourceTree = "<group>"; };
		DEA1949C1927472C0096AC9E /* FintExampleTests.m */ = {isa = PBXFileReference; lastKnownFileType = sourcecode.c.objc; path = FintExampleTests.m; sourceTree = "<group>"; };
/* End PBXFileReference section */

/* Begin PBXFrameworksBuildPhase section */
		DEA194711927472B0096AC9E /* Frameworks */ = {
			isa = PBXFrameworksBuildPhase;
			buildActionMask = 2147483647;
			files = (
				DEA1947A1927472C0096AC9E /* CoreGraphics.framework in Frameworks */,
				DEA1947C1927472C0096AC9E /* UIKit.framework in Frameworks */,
				DEA194781927472C0096AC9E /* Foundation.framework in Frameworks */,
			);
			runOnlyForDeploymentPostprocessing = 0;
		};
		DEA1948C1927472C0096AC9E /* Frameworks */ = {
			isa = PBXFrameworksBuildPhase;
			buildActionMask = 2147483647;
			files = (
				DEA194911927472C0096AC9E /* XCTest.framework in Frameworks */,
				DEA194931927472C0096AC9E /* UIKit.framework in Frameworks */,
				DEA194921927472C0096AC9E /* Foundation.framework in Frameworks */,
			);
			runOnlyForDeploymentPostprocessing = 0;
		};
/* End PBXFrameworksBuildPhase section */

/* Begin PBXGroup section */
		DEA1946B1927472B0096AC9E = {
			isa = PBXGroup;
			children = (
				DEA1947D1927472C0096AC9E /* FintExample */,
				DEA194961927472C0096AC9E /* FintExampleTests */,
				DEA194761927472B0096AC9E /* Frameworks */,
				DEA194751927472B0096AC9E /* Products */,
			);
			sourceTree = "<group>";
		};
		DEA194751927472B0096AC9E /* Products */ = {
			isa = PBXGroup;
			children = (
				DEA194741927472B0096AC9E /* FintExample.app */,
				DEA1948F1927472C0096AC9E /* FintExampleTests.xctest */,
			);
			name = Products;
			sourceTree = "<group>";
		};
		DEA194761927472B0096AC9E /* Frameworks */ = {
			isa = PBXGroup;
			children = (
				DEA194771927472C0096AC9E /* Foundation.framework */,
				DEA194791927472C0096AC9E /* CoreGraphics.framework */,
				DEA1947B1927472C0096AC9E /* UIKit.framework */,
				DEA194901927472C0096AC9E /* XCTest.framework */,
			);
			name = Frameworks;
			sourceTree = "<group>";
		};
		DEA1947D1927472C0096AC9E /* FintExample */ = {
			isa = PBXGroup;
			children = (
				DEA194861927472C0096AC9E /* FEAppDelegate.h */,
				DEA194871927472C0096AC9E /* FEAppDelegate.m */,
				DEA194891927472C0096AC9E /* Images.xcassets */,
				DEA1947E1927472C0096AC9E /* Supporting Files */,
			);
			path = FintExample;
			sourceTree = "<group>";
		};
		DEA1947E1927472C0096AC9E /* Supporting Files */ = {
			isa = PBXGroup;
			children = (
				DEA1947F1927472C0096AC9E /* FintExample-Info.plist */,
				DEA194801927472C0096AC9E /* InfoPlist.strings */,
				DEA194831927472C0096AC9E /* main.m */,
				DEA194851927472C0096AC9E /* FintExample-Prefix.pch */,
			);
			name = "Supporting Files";
			sourceTree = "<group>";
		};
		DEA194961927472C0096AC9E /* FintExampleTests */ = {
			isa = PBXGroup;
			children = (
				DEA1949C1927472C0096AC9E /* FintExampleTests.m */,
				DEA194971927472C0096AC9E /* Supporting Files */,
			);
			path = FintExampleTests;
			sourceTree = "<group>";
		};
		DEA194971927472C0096AC9E /* Supporting Files */ = {
			isa = PBXGroup;
			children = (
				DEA194981927472C0096AC9E /* FintExampleTests-Info.plist */,
				DEA194991927472C0096AC9E /* InfoPlist.strings */,
			);
			name = "Supporting Files";
			sourceTree = "<group>";
		};
/* End PBXGroup section */

/* Begin PBXNativeTarget section */
		DEA194731927472B0096AC9E /* FintExample */ = {
			isa = PBXNativeTarget;
			buildConfigurationList = DEA194A01927472C0096AC9E /* Build configuration list for PBXNativeTarget "FintExample" */;
			buildPhases = (
				DEA194701927472B0096AC9E /* Sources */,
				DEA194711927472B0096AC9E /* Frameworks */,
				DEA194721927472B0096AC9E /* Resources */,
			);
			buildRules = (
			);
			dependencies = (
			);
			name = FintExample;
			productName = FintExample;
			productReference = DEA194741927472B0096AC9E /* FintExample.app */;
			productType = "com.apple.product-type.application";
		};
		DEA1948E1927472C0096AC9E /* FintExampleTests */ = {
			isa = PBXNativeTarget;
			buildConfigurationList = DEA194A31927472C0096AC9E /* Build configuration list for PBXNativeTarget "FintExampleTests" */;
			buildPhases = (
				DEA1948B1927472C0096AC9E /* Sources */,
				DEA1948C1927472C0096AC9E /* Frameworks */,
				DEA1948D1927472C0096AC9E /* Resources */,
			);
			buildRules = (
			);
			dependencies = (
				DEA194951927472C0096AC9E /* PBXTargetDependency */,
			);
			name = FintExampleTests;
			productName = FintExampleTests;
			productReference = DEA1948F1927472C0096AC9E /* FintExampleTests.xctest */;
			productType = "com.apple.product-type.bundle.unit-test";
		};
/* End PBXNativeTarget section */

/* Begin PBXProject section */
		DEA1946C1927472B0096AC9E /* Project object */ = {
			isa = PBXProject;
			attributes = {
				CLASSPREFIX = FE;
				LastUpgradeCheck = 0510;
				ORGANIZATIONNAME = ksoichiro;
				TargetAttributes = {
					DEA1948E1927472C0096AC9E = {
						TestTargetID = DEA194731927472B0096AC9E;
					};
				};
			};
			buildConfigurationList = DEA1946F1927472B0096AC9E /* Build configuration list for PBXProject "FintExample" */;
			compatibilityVersion = "Xcode 3.2";
			developmentRegion = English;
			hasScannedForEncodings = 0;
			knownRegions = (
				en,
			);
			mainGroup = DEA1946B1927472B0096AC9E;
			productRefGroup = DEA194751927472B0096AC9E /* Products */;
			projectDirPath = "";
			projectRoot = "";
			targets = (
				DEA194731927472B0096AC9E /* FintExample */,
				DEA1948E1927472C0096AC9E /* FintExampleTests */,
				DEA194A6192753E30096AC9E /* Fint */,
			);
		};
/* End PBXProject section */

/* Begin PBXResourcesBuildPhase section */
		DEA194721927472B0096AC9E /* Resources */ = {
			isa = PBXResourcesBuildPhase;
			buildActionMask = 2147483647;
			files = (
				DEA194821927472C0096AC9E /* InfoPlist.strings in Resources */,
				DEA1948A1927472C0096AC9E /* Images.xcassets in Resources */,
			);
			runOnlyForDeploymentPostprocessing = 0;
		};
		DEA1948D1927472C0096AC9E /* Resources */ = {
			isa = PBXResourcesBuildPhase;
			buildActionMask = 2147483647;
			files = (
				DEA1949B1927472C0096AC9E /* InfoPlist.strings in Resources */,
			);
			runOnlyForDeploymentPostprocessing = 0;
		};
/* End PBXResourcesBuildPhase section */

/* Begin PBXShellScriptBuildPhase section */
		DEA194AA192753EA0096AC9E /* ShellScript */ = {
			isa = PBXShellScriptBuildPhase;
			buildActionMask = 2147483647;
			files = (
			);
			inputPaths = (
			);
			outputPaths = (
			);
			runOnlyForDeploymentPostprocessing = 0;
			shellPath = /bin/sh;
			shellScript = "TERM=dumb ${SRCROOT}/../../../fint/fint -s ${SRCROOT}/${PROJECT_NAME} -i objc -c ${SRCROOT}/../../../.fint";
		};
/* End PBXShellScriptBuildPhase section */

/* Begin PBXSourcesBuildPhase section */
		DEA194701927472B0096AC9E /* Sources */ = {
			isa = PBXSourcesBuildPhase;
			buildActionMask = 2147483647;
			files = (
				DEA194841927472C0096AC9E /* main.m in Sources */,
				DEA194881927472C0096AC9E /* FEAppDelegate.m in Sources */,
			);
			runOnlyForDeploymentPostprocessing = 0;
		};
		DEA1948B1927472C0096AC9E /* Sources */ = {
			isa = PBXSourcesBuildPhase;
			buildActionMask = 2147483647;
			files = (
				DEA1949D1927472C0096AC9E /* FintExampleTests.m in Sources */,
			);
			runOnlyForDeploymentPostprocessing = 0;
		};
/* End PBXSourcesBuildPhase section */

/* Begin PBXTargetDependency section */
		DEA194951927472C0096AC9E /* PBXTargetDependency */ = {
			isa = PBXTargetDependency;
			target = DEA194731927472B0096AC9E /* FintExample */;
			targetProxy = DEA194941927472C0096AC9E /* PBXContainerItemProxy */;
		};
/* End PBXTargetDependency section */

/* Begin PBXVariantGroup section */
		DEA194801927472C0096AC9E /* InfoPlist.strings */ = {
			isa = PBXVariantGroup;
			children = (
				DEA194811927472C0096AC9E /* en */,
			);
			name = InfoPlist.strings;
			sourceTree = "<group>";
		};
		DEA194991927472C0096AC9E /* InfoPlist.strings */ = {
			isa = PBXVariantGroup;
			children = (
				DEA1949A1927472C0096AC9E /* en */,
			);
			name = InfoPlist.strings;
			sourceTree = "<group>";
		};
/* End PBXVariantGroup section */

/* Begin XCBuildConfiguration section */
		DEA1949E1927472C0096AC9E /* Debug */ = {
			isa = XCBuildConfiguration;
			buildSettings = {
				ALWAYS_SEARCH_USER_PATHS = NO;
				CLANG_CXX_LANGUAGE_STANDARD = "gnu++0x";
				CLANG_CXX_LIBRARY = "libc++";
				CLANG_ENABLE_MODULES = YES;
				CLANG_ENABLE_OBJC_ARC = YES;
				CLANG_WARN_BOOL_CONVERSION = YES;
				CLANG_WARN_CONSTANT_CONVERSION = YES;
				CLANG_WARN_DIRECT_OBJC_ISA_USAGE = YES_ERROR;
				CLANG_WARN_EMPTY_BODY = YES;
				CLANG_WARN_ENUM_CONVERSION = YES;
				CLANG_WARN_INT_CONVERSION = YES;
				CLANG_WARN_OBJC_ROOT_CLASS = YES_ERROR;
				CLANG_WARN__DUPLICATE_METHOD_MATCH = YES;
				"CODE_SIGN_IDENTITY[sdk=iphoneos*]" = "iPhone Developer";
				COPY_PHASE_STRIP = NO;
				GCC_C_LANGUAGE_STANDARD = gnu99;
				GCC_DYNAMIC_NO_PIC = NO;
				GCC_OPTIMIZATION_LEVEL = 0;
				GCC_PREPROCESSOR_DEFINITIONS = (
					"DEBUG=1",
					"$(inherited)",
				);
				GCC_SYMBOLS_PRIVATE_EXTERN = NO;
				GCC_WARN_64_TO_32_BIT_CONVERSION = YES;
				GCC_WARN_ABOUT_RETURN_TYPE = YES_ERROR;
				GCC_WARN_UNDECLARED_SELECTOR = YES;
				GCC_WARN_UNINITIALIZED_AUTOS = YES_AGGRESSIVE;
				GCC_WARN_UNUSED_FUNCTION = YES;
				GCC_WARN_UNUSED_VARIABLE = YES;
				IPHONEOS_DEPLOYMENT_TARGET = 7.1;
				ONLY_ACTIVE_ARCH = YES;
				SDKROOT = iphoneos;
			};
			name = Debug;
		};
		DEA1949F1927472C0096AC9E /* Release */ = {
			isa = XCBuildConfiguration;
			buildSettings = {
				ALWAYS_SEARCH_USER_PATHS = NO;
				CLANG_CXX_LANGUAGE_STANDARD = "gnu++0x";
				CLANG_CXX_LIBRARY = "libc++";
				CLANG_ENABLE_MODULES = YES;
				CLANG_ENABLE_OBJC_ARC = YES;
				CLANG_WARN_BOOL_CONVERSION = YES;
				CLANG_WARN_CONSTANT_CONVERSION = YES;
				CLANG_WARN_DIRECT_OBJC_ISA_USAGE = YES_ERROR;
				CLANG_WARN_EMPTY_BODY = YES;
				CLANG_WARN_ENUM_CONVERSION = YES;
				CLANG_WARN_INT_CONVERSION = YES;
				CLANG_WARN_OBJC_ROOT_CLASS = YES_ERROR;
				CLANG_WARN__DUPLICATE_METHOD_MATCH = YES;
				"CODE_SIGN_IDENTITY[sdk=iphoneos*]" = "iPhone Developer";
				COPY_PHASE_STRIP = YES;
				ENABLE_NS_ASSERTIONS = NO;
				GCC_C_LANGUAGE_STANDARD = gnu99;
				GCC_WARN_64_TO_32_BIT_CONVERSION = YES;
				GCC_WARN_ABOUT_RETURN_TYPE = YES_ERROR;
				GCC_WARN_UNDECLARED_SELECTOR = YES;
				GCC_WARN_UNINITIALIZED_AUTOS = YES_AGGRESSIVE;
				GCC_WARN_UNUSED_FUNCTION = YES;
				GCC_WARN_UNUSED_VARIABLE = YES;
				IPHONEOS_DEPLOYMENT_TARGET = 7.1;
				SDKROOT = iphoneos;
				VALIDATE_PRODUCT = YES;
			};
			name = Release;
		};
		DEA194A11927472C0096AC9E /* Debug */ = {
			isa = XCBuildConfiguration;
			buildSettings = {
				ASSETCATALOG_COMPILER_APPICON_NAME = AppIcon;
				ASSETCATALOG_COMPILER_LAUNCHIMAGE_NAME = LaunchImage;
				GCC_PRECOMPILE_PREFIX_HEADER = YES;
				GCC_PREFIX_HEADER = "FintExample/FintExample-Prefix.pch";
				INFOPLIST_FILE = "FintExample/FintExample-Info.plist";
				PRODUCT_NAME = "$(TARGET_NAME)";
				WRAPPER_EXTENSION = app;
			};
			name = Debug;
		};
		DEA194A21927472C0096AC9E /* Release */ = {
			isa = XCBuildConfiguration;
			buildSettings = {
				ASSETCATALOG_COMPILER_APPICON_NAME = AppIcon;
				ASSETCATALOG_COMPILER_LAUNCHIMAGE_NAME = LaunchImage;
				GCC_PRECOMPILE_PREFIX_HEADER = YES;
				GCC_PREFIX_HEADER = "FintExample/FintExample-Prefix.pch";
				INFOPLIST_FILE = "FintExample/FintExample-Info.plist";
				PRODUCT_NAME = "$(TARGET_NAME)";
				WRAPPER_EXTENSION = app;
			};
			name = Release;
		};
		DEA194A41927472C0096AC9E /* Debug */ = {
			isa = XCBuildConfiguration;
			buildSettings = {
				BUNDLE_LOADER = "$(BUILT_PRODUCTS_DIR)/FintExample.app/FintExample";
				FRAMEWORK_SEARCH_PATHS = (
					"$(SDKROOT)/Developer/Library/Frameworks",
					"$(inherited)",
					"$(DEVELOPER_FRAMEWORKS_DIR)",
				);
				GCC_PRECOMPILE_PREFIX_HEADER = YES;
				GCC_PREFIX_HEADER = "FintExample/FintExample-Prefix.pch";
				GCC_PREPROCESSOR_DEFINITIONS = (
					"DEBUG=1",
					"$(inherited)",
				);
				INFOPLIST_FILE = "FintExampleTests/FintExampleTests-Info.plist";
				PRODUCT_NAME = "$(TARGET_NAME)";
				TEST_HOST = "$(BUNDLE_LOADER)";
				WRAPPER_EXTENSION = xctest;
			};
			name = Debug;
		};
		DEA194A51927472C0096AC9E /* Release */ = {
			isa = XCBuildConfiguration;
			buildSettings = {
				BUNDLE_LOADER = "$(BUILT_PRODUCTS_DIR)/FintExample.app/FintExample";
				FRAMEWORK_SEARCH_PATHS = (
					"$(SDKROOT)/Developer/Library/Frameworks",
					"$(inherited)",
					"$(DEVELOPER_FRAMEWORKS_DIR)",
				);
				GCC_PRECOMPILE_PREFIX_HEADER = YES;
				GCC_PREFIX_HEADER = "FintExample/FintExample-Prefix.pch";
				INFOPLIST_FILE = "FintExampleTests/FintExampleTests-Info.plist";
				PRODUCT_NAME = "$(TARGET_NAME)";
				TEST_HOST = "$(BUNDLE_LOADER)";
				WRAPPER_EXTENSION = xctest;
			};
			name = Release;
		};
		DEA194A8192753E30096AC9E /* Debug */ = {
			isa = XCBuildConfiguration;
			buildSettings = {
				PRODUCT_NAME = "$(TARGET_NAME)";
			};
			name = Debug;
		};
		DEA194A9192753E30096AC9E /* Release */ = {
			isa = XCBuildConfiguration;
			buildSettings = {
				PRODUCT_NAME = "$(TARGET_NAME)";
			};
			name = Release;
		};
/* End XCBuildConfiguration section */

/* Begin XCConfigurationList section */
		DEA1946F1927472B0096AC9E /* Build configuration list for PBXProject "FintExample" */ = {
			isa = XCConfigurationList;
			buildConfigurations = (
				DEA1949E1927472C0096AC9E /* Debug */,
				DEA1949F1927472C0096AC9E /* Release */,
			);
			defaultConfigurationIsVisible = 0;
			defaultConfigurationName = Release;
		};
		DEA194A01927472C0096AC9E /* Build configuration list for PBXNativeTarget "FintExample" */ = {
			isa = XCConfigurationList;
			buildConfigurations = (
				DEA194A11927472C0096AC9E /* Debug */,
				DEA194A21927472C0096AC9E /* Release */,
			);
			defaultConfigurationIsVisible = 0;
			defaultConfigurationName = Release;
		};
		DEA194A31927472C0096AC9E /* Build configuration list for PBXNativeTarget "FintExampleTests" */ = {
			isa = XCConfigurationList;
			buildConfigurations = (
				DEA194A41927472C0096AC9E /* Debug */,
				DEA194A51927472C0096AC9E /* Release */,
			);
			defaultConfigurationIsVisible = 0;
			defaultConfigurationName = Release;
		};
		DEA194A7192753E30096AC9E /* Build configuration list for PBXAggregateTarget "Fint" */ = {
			isa = XCConfigurationList;
			buildConfigurations = (
				DEA194A8192753E30096AC9E /* Debug */,
				DEA194A9192753E30096AC9E /* Release */,
			);
			defaultConfigurationIsVisible = 0;
			defaultConfigurationName = Release;
		};
/* End XCConfigurationList section */
	};
	rootObject = DEA1946C1927472B0096AC9E /* Project object */;
}
